{
  "name": "Web-development-learning",
  "lockfileVersion": 3,
  "requires": true,
  "packages": {
    "": {
      "dependencies": {
        "microtime": "^3.1.1"
      }
    },
    "node_modules/microtime": {
      "version": "3.1.1",
      "resolved": "https://registry.npmjs.org/microtime/-/microtime-3.1.1.tgz",
      "integrity": "sha512-to1r7o24cDsud9IhN6/8wGmMx5R2kT0w2Xwm5okbYI3d1dk6Xv0m+Z+jg2vS9pt+ocgQHTCtgs/YuyJhySzxNg==",
      "hasInstallScript": true,
      "dependencies": {
        "node-addon-api": "^5.0.0",
        "node-gyp-build": "^4.4.0"
      },
      "engines": {
        "node": ">= 14.13.0"
      }
    },
    "node_modules/node-addon-api": {
      "version": "5.1.0",
      "resolved": "https://registry.npmjs.org/node-addon-api/-/node-addon-api-5.1.0.tgz",
      "integrity": "sha512-eh0GgfEkpnoWDq+VY8OyvYhFEzBk6jIYbRKdIlyTiAXIVJ8PyBaKb0rp7oDtoddbdoHWhq8wwr+XZ81F1rpNdA=="
    },
    "node_modules/node-gyp-build": {
      "version": "4.8.1",
      "resolved": "https://registry.npmjs.org/node-gyp-build/-/node-gyp-build-4.8.1.tgz",
      "integrity": "sha512-OSs33Z9yWr148JZcbZd5WiAXhh/n9z8TxQcdMhIOlpN9AhWpLfvVFO73+m77bBABQMaY9XSvIa+qk0jlI7Gcaw==",
      "bin": {
        "node-gyp-build": "bin.js",
        "node-gyp-build-optional": "optional.js",
        "node-gyp-build-test": "build-test.js"
      }
    }
  }
}
